
Microsoft Visual Studio Solution File, Format Version 12.00
# Visual Studio Version 16
VisualStudioVersion = 16.0.30114.105
MinimumVisualStudioVersion = 10.0.40219.1
Project("{FAE04EC0-301F-11D3-BF4B-00C04F79EFBC}") = "Endava.iAcademy", "Endava.iAcademy.csproj", "{FB0199E4-285A-4856-A7DC-CCC13A8C3D4B}"
EndProject
Project("{FAE04EC0-301F-11D3-BF4B-00C04F79EFBC}") = "Repository", "..\Repository\Repository.csproj", "{61941458-7989-4C1D-B153-FF0A3A453428}"
EndProject
Project("{FAE04EC0-301F-11D3-BF4B-00C04F79EFBC}") = "Domain", "..\Domain\Domain.csproj", "{928DD565-59BE-4572-A329-C25C30910025}"
EndProject
Global
	GlobalSection(SolutionConfigurationPlatforms) = preSolution
		Debug|Any CPU = Debug|Any CPU
		Release|Any CPU = Release|Any CPU
	EndGlobalSection
	GlobalSection(ProjectConfigurationPlatforms) = postSolution
		{FB0199E4-285A-4856-A7DC-CCC13A8C3D4B}.Debug|Any CPU.ActiveCfg = Debug|Any CPU
		{FB0199E4-285A-4856-A7DC-CCC13A8C3D4B}.Debug|Any CPU.Build.0 = Debug|Any CPU
		{FB0199E4-285A-4856-A7DC-CCC13A8C3D4B}.Release|Any CPU.ActiveCfg = Release|Any CPU
		{FB0199E4-285A-4856-A7DC-CCC13A8C3D4B}.Release|Any CPU.Build.0 = Release|Any CPU
		{61941458-7989-4C1D-B153-FF0A3A453428}.Debug|Any CPU.ActiveCfg = Debug|Any CPU
		{61941458-7989-4C1D-B153-FF0A3A453428}.Debug|Any CPU.Build.0 = Debug|Any CPU
		{61941458-7989-4C1D-B153-FF0A3A453428}.Release|Any CPU.ActiveCfg = Release|Any CPU
		{61941458-7989-4C1D-B153-FF0A3A453428}.Release|Any CPU.Build.0 = Release|Any CPU
		{928DD565-59BE-4572-A329-C25C30910025}.Debug|Any CPU.ActiveCfg = Debug|Any CPU
		{928DD565-59BE-4572-A329-C25C30910025}.Debug|Any CPU.Build.0 = Debug|Any CPU
		{928DD565-59BE-4572-A329-C25C30910025}.Release|Any CPU.ActiveCfg = Release|Any CPU
		{928DD565-59BE-4572-A329-C25C30910025}.Release|Any CPU.Build.0 = Release|Any CPU
	EndGlobalSection
	GlobalSection(SolutionProperties) = preSolution
		HideSolutionNode = FALSE
	EndGlobalSection
	GlobalSection(ExtensibilityGlobals) = postSolution
		SolutionGuid = {D1F1EB48-3CF5-475E-99C5-B8620DDB45E2}
	EndGlobalSection
EndGlobal
